
Microsoft Visual Studio Solution File, Format Version 12.00
# Visual Studio Version 16
VisualStudioVersion = 16.0.31005.135
MinimumVisualStudioVersion = 10.0.40219.1
Project("{FAE04EC0-301F-11D3-BF4B-00C04F79EFBC}") = "FSD_Phase1", "FSD_Phase1\FSD_Phase1.csproj", "{5863A2D4-2C10-4799-BC8D-C2496A1F96F5}"
EndProject
Global
	GlobalSection(SolutionConfigurationPlatforms) = preSolution
		Debug|Any CPU = Debug|Any CPU
		Release|Any CPU = Release|Any CPU
	EndGlobalSection
	GlobalSection(ProjectConfigurationPlatforms) = postSolution
		{5863A2D4-2C10-4799-BC8D-C2496A1F96F5}.Debug|Any CPU.ActiveCfg = Debug|Any CPU
		{5863A2D4-2C10-4799-BC8D-C2496A1F96F5}.Debug|Any CPU.Build.0 = Debug|Any CPU
		{5863A2D4-2C10-4799-BC8D-C2496A1F96F5}.Release|Any CPU.ActiveCfg = Release|Any CPU
		{5863A2D4-2C10-4799-BC8D-C2496A1F96F5}.Release|Any CPU.Build.0 = Release|Any CPU
	EndGlobalSection
	GlobalSection(SolutionProperties) = preSolution
		HideSolutionNode = FALSE
	EndGlobalSection
	GlobalSection(ExtensibilityGlobals) = postSolution
		SolutionGuid = {E509750F-2248-483F-9A2F-1EDD23EBECBF}
	EndGlobalSection
EndGlobal
